
Microsoft Visual Studio Solution File, Format Version 12.00
# Visual Studio 15
VisualStudioVersion = 15.0.28307.645
MinimumVisualStudioVersion = 10.0.40219.1
Project("{FAE04EC0-301F-11D3-BF4B-00C04F79EFBC}") = "jdemoapp1", "jdemoapp1\jdemoapp1.csproj", "{B627FC9B-7663-49C9-9E17-6ADE2C9467D0}"
EndProject
Global
	GlobalSection(SolutionConfigurationPlatforms) = preSolution
		Debug|Any CPU = Debug|Any CPU
		Release|Any CPU = Release|Any CPU
	EndGlobalSection
	GlobalSection(ProjectConfigurationPlatforms) = postSolution
		{B627FC9B-7663-49C9-9E17-6ADE2C9467D0}.Debug|Any CPU.ActiveCfg = Debug|Any CPU
		{B627FC9B-7663-49C9-9E17-6ADE2C9467D0}.Debug|Any CPU.Build.0 = Debug|Any CPU
		{B627FC9B-7663-49C9-9E17-6ADE2C9467D0}.Release|Any CPU.ActiveCfg = Release|Any CPU
		{B627FC9B-7663-49C9-9E17-6ADE2C9467D0}.Release|Any CPU.Build.0 = Release|Any CPU
	EndGlobalSection
	GlobalSection(SolutionProperties) = preSolution
		HideSolutionNode = FALSE
	EndGlobalSection
	GlobalSection(ExtensibilityGlobals) = postSolution
		SolutionGuid = {C7A8DC8F-2CA4-4B4E-8C49-66D5E82D17A4}
	EndGlobalSection
EndGlobal
