
Microsoft Visual Studio Solution File, Format Version 12.00
# Visual Studio 15
VisualStudioVersion = 15.0.28307.645
MinimumVisualStudioVersion = 10.0.40219.1
Project("{FAE04EC0-301F-11D3-BF4B-00C04F79EFBC}") = "pcfdemo", "pcfdemo\pcfdemo.csproj", "{AB40DFA0-44EB-4EAE-B4BE-7BE1E6D8EE7F}"
EndProject
Global
	GlobalSection(SolutionConfigurationPlatforms) = preSolution
		Debug|Any CPU = Debug|Any CPU
		Release|Any CPU = Release|Any CPU
	EndGlobalSection
	GlobalSection(ProjectConfigurationPlatforms) = postSolution
		{AB40DFA0-44EB-4EAE-B4BE-7BE1E6D8EE7F}.Debug|Any CPU.ActiveCfg = Debug|Any CPU
		{AB40DFA0-44EB-4EAE-B4BE-7BE1E6D8EE7F}.Debug|Any CPU.Build.0 = Debug|Any CPU
		{AB40DFA0-44EB-4EAE-B4BE-7BE1E6D8EE7F}.Release|Any CPU.ActiveCfg = Release|Any CPU
		{AB40DFA0-44EB-4EAE-B4BE-7BE1E6D8EE7F}.Release|Any CPU.Build.0 = Release|Any CPU
	EndGlobalSection
	GlobalSection(SolutionProperties) = preSolution
		HideSolutionNode = FALSE
	EndGlobalSection
	GlobalSection(ExtensibilityGlobals) = postSolution
		SolutionGuid = {6E10F600-7A0D-46FB-8C59-2DFC88B09804}
	EndGlobalSection
EndGlobal
